{
  "name": "OnlineExam",
  "lockfileVersion": 3,
  "requires": true,
  "packages": {
    "": {
      "dependencies": {
        "@wiris/mathtype-ckeditor4": "^8.10.0"
      }
    },
    "node_modules/@wiris/mathtype-ckeditor4": {
      "version": "8.10.0",
      "resolved": "https://registry.npmjs.org/@wiris/mathtype-ckeditor4/-/mathtype-ckeditor4-8.10.0.tgz",
      "integrity": "sha512-wb2WJqq0TaEhi9ceoG7f4OZc6v39TpIBUU52p3v6UbwFQEA67tM/OdIzV+G5hIOhHLqrEts65TAFxNTYEFkWMg==",
      "license": "MIT",
      "dependencies": {
        "@wiris/mathtype-html-integration-devkit": "1.17.3"
      }
    },
    "node_modules/@wiris/mathtype-html-integration-devkit": {
      "version": "1.17.3",
      "resolved": "https://registry.npmjs.org/@wiris/mathtype-html-integration-devkit/-/mathtype-html-integration-devkit-1.17.3.tgz",
      "integrity": "sha512-W2q0N1mh5ZALnYwh98H0FoxYHJ5aHBZeR0lGFJTjwF54dF4ovewmabXDgWsaP+l+cKf50QBKFp8lGcpuVjNmmA==",
      "license": "MIT",
      "dependencies": {
        "dompurify": "^3.0.10",
        "uuid": "^8.3.2"
      }
    },
    "node_modules/dompurify": {
      "version": "3.1.6",
      "resolved": "https://registry.npmjs.org/dompurify/-/dompurify-3.1.6.tgz",
      "integrity": "sha512-cTOAhc36AalkjtBpfG6O8JimdTMWNXjiePT2xQH/ppBGi/4uIpmj8eKyIkMJErXWARyINV/sB38yf8JCLF5pbQ==",
      "license": "(MPL-2.0 OR Apache-2.0)"
    },
    "node_modules/uuid": {
      "version": "8.3.2",
      "resolved": "https://registry.npmjs.org/uuid/-/uuid-8.3.2.tgz",
      "integrity": "sha512-+NYs2QeMWy+GWFOEm9xnn6HCDp0l7QBD7ml8zLUmJ+93Q5NF0NocErnwkTkXVFNiX3/fpC6afS8Dhb/gz7R7eg==",
      "license": "MIT",
      "bin": {
        "uuid": "dist/bin/uuid"
      }
    }
  }
}
